
Microsoft Visual Studio Solution File, Format Version 12.00
# Visual Studio Version 16
VisualStudioVersion = 16.0.30611.23
MinimumVisualStudioVersion = 10.0.40219.1
Project("{FAE04EC0-301F-11D3-BF4B-00C04F79EFBC}") = "PlainUDPReceiver", "PlainUDPReceiver\PlainUDPReceiver.csproj", "{42537222-5BBA-45B5-9803-2B740C74B464}"
EndProject
Project("{FAE04EC0-301F-11D3-BF4B-00C04F79EFBC}") = "PlainUPDSender", "PlainUPDSender\PlainUPDSender.csproj", "{209B64D0-3B7D-4CC6-942A-DF8179DA80CE}"
EndProject
Project("{FAE04EC0-301F-11D3-BF4B-00C04F79EFBC}") = "ModelLib", "ModelLib\ModelLib.csproj", "{31CEB9FD-1D47-458B-98EF-BC377CF2FD93}"
EndProject
Project("{FAE04EC0-301F-11D3-BF4B-00C04F79EFBC}") = "JsonUPDReceiver", "JsonUPDReceiver\JsonUPDReceiver.csproj", "{CC765472-D735-4982-A7B8-C894ABF52076}"
EndProject
Project("{FAE04EC0-301F-11D3-BF4B-00C04F79EFBC}") = "JsonUDPSender", "JsonUDPSender\JsonUDPSender.csproj", "{4797DBC9-840A-4941-B9DA-A0B33A66CE87}"
EndProject
Global
	GlobalSection(SolutionConfigurationPlatforms) = preSolution
		Debug|Any CPU = Debug|Any CPU
		Release|Any CPU = Release|Any CPU
	EndGlobalSection
	GlobalSection(ProjectConfigurationPlatforms) = postSolution
		{42537222-5BBA-45B5-9803-2B740C74B464}.Debug|Any CPU.ActiveCfg = Debug|Any CPU
		{42537222-5BBA-45B5-9803-2B740C74B464}.Debug|Any CPU.Build.0 = Debug|Any CPU
		{42537222-5BBA-45B5-9803-2B740C74B464}.Release|Any CPU.ActiveCfg = Release|Any CPU
		{42537222-5BBA-45B5-9803-2B740C74B464}.Release|Any CPU.Build.0 = Release|Any CPU
		{209B64D0-3B7D-4CC6-942A-DF8179DA80CE}.Debug|Any CPU.ActiveCfg = Debug|Any CPU
		{209B64D0-3B7D-4CC6-942A-DF8179DA80CE}.Debug|Any CPU.Build.0 = Debug|Any CPU
		{209B64D0-3B7D-4CC6-942A-DF8179DA80CE}.Release|Any CPU.ActiveCfg = Release|Any CPU
		{209B64D0-3B7D-4CC6-942A-DF8179DA80CE}.Release|Any CPU.Build.0 = Release|Any CPU
		{31CEB9FD-1D47-458B-98EF-BC377CF2FD93}.Debug|Any CPU.ActiveCfg = Debug|Any CPU
		{31CEB9FD-1D47-458B-98EF-BC377CF2FD93}.Debug|Any CPU.Build.0 = Debug|Any CPU
		{31CEB9FD-1D47-458B-98EF-BC377CF2FD93}.Release|Any CPU.ActiveCfg = Release|Any CPU
		{31CEB9FD-1D47-458B-98EF-BC377CF2FD93}.Release|Any CPU.Build.0 = Release|Any CPU
		{CC765472-D735-4982-A7B8-C894ABF52076}.Debug|Any CPU.ActiveCfg = Debug|Any CPU
		{CC765472-D735-4982-A7B8-C894ABF52076}.Debug|Any CPU.Build.0 = Debug|Any CPU
		{CC765472-D735-4982-A7B8-C894ABF52076}.Release|Any CPU.ActiveCfg = Release|Any CPU
		{CC765472-D735-4982-A7B8-C894ABF52076}.Release|Any CPU.Build.0 = Release|Any CPU
		{4797DBC9-840A-4941-B9DA-A0B33A66CE87}.Debug|Any CPU.ActiveCfg = Debug|Any CPU
		{4797DBC9-840A-4941-B9DA-A0B33A66CE87}.Debug|Any CPU.Build.0 = Debug|Any CPU
		{4797DBC9-840A-4941-B9DA-A0B33A66CE87}.Release|Any CPU.ActiveCfg = Release|Any CPU
		{4797DBC9-840A-4941-B9DA-A0B33A66CE87}.Release|Any CPU.Build.0 = Release|Any CPU
	EndGlobalSection
	GlobalSection(SolutionProperties) = preSolution
		HideSolutionNode = FALSE
	EndGlobalSection
	GlobalSection(ExtensibilityGlobals) = postSolution
		SolutionGuid = {AA06DC25-DEFD-4FC9-AC75-01DDFAD4C74E}
	EndGlobalSection
EndGlobal
